
Microsoft Visual Studio Solution File, Format Version 12.00
# Visual Studio Version 17
VisualStudioVersion = 17.8.34525.116
MinimumVisualStudioVersion = 10.0.40219.1
Project("{9A19103F-16F7-4668-BE54-9A1E7A4F7556}") = "MC-BackEnd", "MC-BackEnd.csproj", "{ED15BD5E-314B-4777-BEF2-03C6B2ACCE28}"
EndProject
Global
	GlobalSection(SolutionConfigurationPlatforms) = preSolution
		Debug|Any CPU = Debug|Any CPU
		Release|Any CPU = Release|Any CPU
	EndGlobalSection
	GlobalSection(ProjectConfigurationPlatforms) = postSolution
		{ED15BD5E-314B-4777-BEF2-03C6B2ACCE28}.Debug|Any CPU.ActiveCfg = Debug|Any CPU
		{ED15BD5E-314B-4777-BEF2-03C6B2ACCE28}.Debug|Any CPU.Build.0 = Debug|Any CPU
		{ED15BD5E-314B-4777-BEF2-03C6B2ACCE28}.Release|Any CPU.ActiveCfg = Release|Any CPU
		{ED15BD5E-314B-4777-BEF2-03C6B2ACCE28}.Release|Any CPU.Build.0 = Release|Any CPU
	EndGlobalSection
	GlobalSection(SolutionProperties) = preSolution
		HideSolutionNode = FALSE
	EndGlobalSection
	GlobalSection(ExtensibilityGlobals) = postSolution
		SolutionGuid = {5AD86B9E-EFE8-4801-9CFE-1AE1E9CCD056}
	EndGlobalSection
EndGlobal
